// !$*UTF8*$!
{
	archiveVersion = 1;
	classes = {
	};
	objectVersion = 46;
	objects = {

/* Begin PBXBuildFile section */
		7FDC846B1F5C334400A1222D /* main.m in Sources */ = {isa = PBXBuildFile; fileRef = 7FDC846A1F5C334400A1222D /* main.m */; };
		7FDC846E1F5C334400A1222D /* AppDelegate.m in Sources */ = {isa = PBXBuildFile; fileRef = 7FDC846D1F5C334400A1222D /* AppDelegate.m */; };
		7FDC84711F5C334400A1222D /* FirstViewController.m in Sources */ = {isa = PBXBuildFile; fileRef = 7FDC84701F5C334400A1222D /* FirstViewController.m */; };
		7FDC84741F5C334400A1222D /* SecondViewController.m in Sources */ = {isa = PBXBuildFile; fileRef = 7FDC84731F5C334400A1222D /* SecondViewController.m */; };
		7FDC84771F5C334400A1222D /* Main.storyboard in Resources */ = {isa = PBXBuildFile; fileRef = 7FDC84751F5C334400A1222D /* Main.storyboard */; };
		7FDC84791F5C334400A1222D /* Assets.xcassets in Resources */ = {isa = PBXBuildFile; fileRef = 7FDC84781F5C334400A1222D /* Assets.xcassets */; };
		7FDC847C1F5C334400A1222D /* LaunchScreen.storyboard in Resources */ = {isa = PBXBuildFile; fileRef = 7FDC847A1F5C334400A1222D /* LaunchScreen.storyboard */; };
		7FDC848B1F5C367000A1222D /* BBIrregularImageButton.m in Sources */ = {isa = PBXBuildFile; fileRef = 7FDC84851F5C367000A1222D /* BBIrregularImageButton.m */; };
		7FDC848C1F5C367000A1222D /* BBShapedButton.m in Sources */ = {isa = PBXBuildFile; fileRef = 7FDC84871F5C367000A1222D /* BBShapedButton.m */; };
		7FDC848D1F5C367000A1222D /* button-normal.png in Resources */ = {isa = PBXBuildFile; fileRef = 7FDC84881F5C367000A1222D /* button-normal.png */; };
		7FDC848E1F5C367000A1222D /* UIImage+ColorAtPixel.m in Sources */ = {isa = PBXBuildFile; fileRef = 7FDC848A1F5C367000A1222D /* UIImage+ColorAtPixel.m */; };
/* End PBXBuildFile section */

/* Begin PBXFileReference section */
		7FDC84661F5C334400A1222D /* BBShapedButton1.app */ = {isa = PBXFileReference; explicitFileType = wrapper.application; includeInIndex = 0; path = BBShapedButton1.app; sourceTree = BUILT_PRODUCTS_DIR; };
		7FDC846A1F5C334400A1222D /* main.m */ = {isa = PBXFileReference; lastKnownFileType = sourcecode.c.objc; path = main.m; sourceTree = "<group>"; };
		7FDC846C1F5C334400A1222D /* AppDelegate.h */ = {isa = PBXFileReference; lastKnownFileType = sourcecode.c.h; path = AppDelegate.h; sourceTree = "<group>"; };
		7FDC846D1F5C334400A1222D /* AppDelegate.m */ = {isa = PBXFileReference; lastKnownFileType = sourcecode.c.objc; path = AppDelegate.m; sourceTree = "<group>"; };
		7FDC846F1F5C334400A1222D /* FirstViewController.h */ = {isa = PBXFileReference; lastKnownFileType = sourcecode.c.h; path = FirstViewController.h; sourceTree = "<group>"; };
		7FDC84701F5C334400A1222D /* FirstViewController.m */ = {isa = PBXFileReference; lastKnownFileType = sourcecode.c.objc; path = FirstViewController.m; sourceTree = "<group>"; };
		7FDC84721F5C334400A1222D /* SecondViewController.h */ = {isa = PBXFileReference; lastKnownFileType = sourcecode.c.h; path = SecondViewController.h; sourceTree = "<group>"; };
		7FDC84731F5C334400A1222D /* SecondViewController.m */ = {isa = PBXFileReference; lastKnownFileType = sourcecode.c.objc; path = SecondViewController.m; sourceTree = "<group>"; };
		7FDC84761F5C334400A1222D /* Base */ = {isa = PBXFileReference; lastKnownFileType = file.storyboard; name = Base; path = Base.lproj/Main.storyboard; sourceTree = "<group>"; };
		7FDC84781F5C334400A1222D /* Assets.xcassets */ = {isa = PBXFileReference; lastKnownFileType = folder.assetcatalog; path = Assets.xcassets; sourceTree = "<group>"; };
		7FDC847B1F5C334400A1222D /* Base */ = {isa = PBXFileReference; lastKnownFileType = file.storyboard; name = Base; path = Base.lproj/LaunchScreen.storyboard; sourceTree = "<group>"; };
		7FDC847D1F5C334400A1222D /* Info.plist */ = {isa = PBXFileReference; lastKnownFileType = text.plist.xml; path = Info.plist; sourceTree = "<group>"; };
		7FDC84841F5C367000A1222D /* BBIrregularImageButton.h */ = {isa = PBXFileReference; fileEncoding = 4; lastKnownFileType = sourcecode.c.h; path = BBIrregularImageButton.h; sourceTree = "<group>"; };
		7FDC84851F5C367000A1222D /* BBIrregularImageButton.m */ = {isa = PBXFileReference; fileEncoding = 4; lastKnownFileType = sourcecode.c.objc; path = BBIrregularImageButton.m; sourceTree = "<group>"; };
		7FDC84861F5C367000A1222D /* BBShapedButton.h */ = {isa = PBXFileReference; fileEncoding = 4; lastKnownFileType = sourcecode.c.h; path = BBShapedButton.h; sourceTree = "<group>"; };
		7FDC84871F5C367000A1222D /* BBShapedButton.m */ = {isa = PBXFileReference; fileEncoding = 4; lastKnownFileType = sourcecode.c.objc; path = BBShapedButton.m; sourceTree = "<group>"; };
		7FDC84881F5C367000A1222D /* button-normal.png */ = {isa = PBXFileReference; lastKnownFileType = image.png; path = "button-normal.png"; sourceTree = "<group>"; };
		7FDC84891F5C367000A1222D /* UIImage+ColorAtPixel.h */ = {isa = PBXFileReference; fileEncoding = 4; lastKnownFileType = sourcecode.c.h; path = "UIImage+ColorAtPixel.h"; sourceTree = "<group>"; };
		7FDC848A1F5C367000A1222D /* UIImage+ColorAtPixel.m */ = {isa = PBXFileReference; fileEncoding = 4; lastKnownFileType = sourcecode.c.objc; path = "UIImage+ColorAtPixel.m"; sourceTree = "<group>"; };
/* End PBXFileReference section */

/* Begin PBXFrameworksBuildPhase section */
		7FDC84631F5C334400A1222D /* Frameworks */ = {
			isa = PBXFrameworksBuildPhase;
			buildActionMask = 2147483647;
			files = (
			);
			runOnlyForDeploymentPostprocessing = 0;
		};
/* End PBXFrameworksBuildPhase section */

/* Begin PBXGroup section */
		7FDC845D1F5C334400A1222D = {
			isa = PBXGroup;
			children = (
				7FDC84681F5C334400A1222D /* BBShapedButton1 */,
				7FDC84671F5C334400A1222D /* Products */,
			);
			sourceTree = "<group>";
		};
		7FDC84671F5C334400A1222D /* Products */ = {
			isa = PBXGroup;
			children = (
				7FDC84661F5C334400A1222D /* BBShapedButton1.app */,
			);
			name = Products;
			sourceTree = "<group>";
		};
		7FDC84681F5C334400A1222D /* BBShapedButton1 */ = {
			isa = PBXGroup;
			children = (
				7FDC84831F5C366F00A1222D /* ShapedButtonClass */,
				7FDC846C1F5C334400A1222D /* AppDelegate.h */,
				7FDC846D1F5C334400A1222D /* AppDelegate.m */,
				7FDC846F1F5C334400A1222D /* FirstViewController.h */,
				7FDC84701F5C334400A1222D /* FirstViewController.m */,
				7FDC84721F5C334400A1222D /* SecondViewController.h */,
				7FDC84731F5C334400A1222D /* SecondViewController.m */,
				7FDC84751F5C334400A1222D /* Main.storyboard */,
				7FDC84781F5C334400A1222D /* Assets.xcassets */,
				7FDC847A1F5C334400A1222D /* LaunchScreen.storyboard */,
				7FDC847D1F5C334400A1222D /* Info.plist */,
				7FDC84691F5C334400A1222D /* Supporting Files */,
			);
			path = BBShapedButton1;
			sourceTree = "<group>";
		};
		7FDC84691F5C334400A1222D /* Supporting Files */ = {
			isa = PBXGroup;
			children = (
				7FDC846A1F5C334400A1222D /* main.m */,
			);
			name = "Supporting Files";
			sourceTree = "<group>";
		};
		7FDC84831F5C366F00A1222D /* ShapedButtonClass */ = {
			isa = PBXGroup;
			children = (
				7FDC84841F5C367000A1222D /* BBIrregularImageButton.h */,
				7FDC84851F5C367000A1222D /* BBIrregularImageButton.m */,
				7FDC84861F5C367000A1222D /* BBShapedButton.h */,
				7FDC84871F5C367000A1222D /* BBShapedButton.m */,
				7FDC84881F5C367000A1222D /* button-normal.png */,
				7FDC84891F5C367000A1222D /* UIImage+ColorAtPixel.h */,
				7FDC848A1F5C367000A1222D /* UIImage+ColorAtPixel.m */,
			);
			path = ShapedButtonClass;
			sourceTree = "<group>";
		};
/* End PBXGroup section */

/* Begin PBXNativeTarget section */
		7FDC84651F5C334400A1222D /* BBShapedButton1 */ = {
			isa = PBXNativeTarget;
			buildConfigurationList = 7FDC84801F5C334400A1222D /* Build configuration list for PBXNativeTarget "BBShapedButton1" */;
			buildPhases = (
				7FDC84621F5C334400A1222D /* Sources */,
				7FDC84631F5C334400A1222D /* Frameworks */,
				7FDC84641F5C334400A1222D /* Resources */,
			);
			buildRules = (
			);
			dependencies = (
			);
			name = BBShapedButton1;
			productName = BBShapedButton1;
			productReference = 7FDC84661F5C334400A1222D /* BBShapedButton1.app */;
			productType = "com.apple.product-type.application";
		};
/* End PBXNativeTarget section */

/* Begin PBXProject section */
		7FDC845E1F5C334400A1222D /* Project object */ = {
			isa = PBXProject;
			attributes = {
				LastUpgradeCheck = 0830;
				ORGANIZATIONNAME = "韦家冰";
				TargetAttributes = {
					7FDC84651F5C334400A1222D = {
						CreatedOnToolsVersion = 8.3.3;
						ProvisioningStyle = Automatic;
					};
				};
			};
			buildConfigurationList = 7FDC84611F5C334400A1222D /* Build configuration list for PBXProject "BBShapedButton1" */;
			compatibilityVersion = "Xcode 3.2";
			developmentRegion = English;
			hasScannedForEncodings = 0;
			knownRegions = (
				en,
				Base,
			);
			mainGroup = 7FDC845D1F5C334400A1222D;
			productRefGroup = 7FDC84671F5C334400A1222D /* Products */;
			projectDirPath = "";
			projectRoot = "";
			targets = (
				7FDC84651F5C334400A1222D /* BBShapedButton1 */,
			);
		};
/* End PBXProject section */

/* Begin PBXResourcesBuildPhase section */
		7FDC84641F5C334400A1222D /* Resources */ = {
			isa = PBXResourcesBuildPhase;
			buildActionMask = 2147483647;
			files = (
				7FDC847C1F5C334400A1222D /* LaunchScreen.storyboard in Resources */,
				7FDC84791F5C334400A1222D /* Assets.xcassets in Resources */,
				7FDC848D1F5C367000A1222D /* button-normal.png in Resources */,
				7FDC84771F5C334400A1222D /* Main.storyboard in Resources */,
			);
			runOnlyForDeploymentPostprocessing = 0;
		};
/* End PBXResourcesBuildPhase section */

/* Begin PBXSourcesBuildPhase section */
		7FDC84621F5C334400A1222D /* Sources */ = {
			isa = PBXSourcesBuildPhase;
			buildActionMask = 2147483647;
			files = (
				7FDC84741F5C334400A1222D /* SecondViewController.m in Sources */,
				7FDC846E1F5C334400A1222D /* AppDelegate.m in Sources */,
				7FDC848B1F5C367000A1222D /* BBIrregularImageButton.m in Sources */,
				7FDC84711F5C334400A1222D /* FirstViewController.m in Sources */,
				7FDC848C1F5C367000A1222D /* BBShapedButton.m in Sources */,
				7FDC848E1F5C367000A1222D /* UIImage+ColorAtPixel.m in Sources */,
				7FDC846B1F5C334400A1222D /* main.m in Sources */,
			);
			runOnlyForDeploymentPostprocessing = 0;
		};
/* End PBXSourcesBuildPhase section */

/* Begin PBXVariantGroup section */
		7FDC84751F5C334400A1222D /* Main.storyboard */ = {
			isa = PBXVariantGroup;
			children = (
				7FDC84761F5C334400A1222D /* Base */,
			);
			name = Main.storyboard;
			sourceTree = "<group>";
		};
		7FDC847A1F5C334400A1222D /* LaunchScreen.storyboard */ = {
			isa = PBXVariantGroup;
			children = (
				7FDC847B1F5C334400A1222D /* Base */,
			);
			name = LaunchScreen.storyboard;
			sourceTree = "<group>";
		};
/* End PBXVariantGroup section */

/* Begin XCBuildConfiguration section */
		7FDC847E1F5C334400A1222D /* Debug */ = {
			isa = XCBuildConfiguration;
			buildSettings = {
				ALWAYS_SEARCH_USER_PATHS = NO;
				CLANG_ANALYZER_NONNULL = YES;
				CLANG_ANALYZER_NUMBER_OBJECT_CONVERSION = YES_AGGRESSIVE;
				CLANG_CXX_LANGUAGE_STANDARD = "gnu++0x";
				CLANG_CXX_LIBRARY = "libc++";
				CLANG_ENABLE_MODULES = YES;
				CLANG_ENABLE_OBJC_ARC = YES;
				CLANG_WARN_BOOL_CONVERSION = YES;
				CLANG_WARN_CONSTANT_CONVERSION = YES;
				CLANG_WARN_DIRECT_OBJC_ISA_USAGE = YES_ERROR;
				CLANG_WARN_DOCUMENTATION_COMMENTS = YES;
				CLANG_WARN_EMPTY_BODY = YES;
				CLANG_WARN_ENUM_CONVERSION = YES;
				CLANG_WARN_INFINITE_RECURSION = YES;
				CLANG_WARN_INT_CONVERSION = YES;
				CLANG_WARN_OBJC_ROOT_CLASS = YES_ERROR;
				CLANG_WARN_SUSPICIOUS_MOVE = YES;
				CLANG_WARN_UNREACHABLE_CODE = YES;
				CLANG_WARN__DUPLICATE_METHOD_MATCH = YES;
				"CODE_SIGN_IDENTITY[sdk=iphoneos*]" = "iPhone Developer";
				COPY_PHASE_STRIP = NO;
				DEBUG_INFORMATION_FORMAT = dwarf;
				ENABLE_STRICT_OBJC_MSGSEND = YES;
				ENABLE_TESTABILITY = YES;
				GCC_C_LANGUAGE_STANDARD = gnu99;
				GCC_DYNAMIC_NO_PIC = NO;
				GCC_NO_COMMON_BLOCKS = YES;
				GCC_OPTIMIZATION_LEVEL = 0;
				GCC_PREPROCESSOR_DEFINITIONS = (
					"DEBUG=1",
					"$(inherited)",
				);
				GCC_WARN_64_TO_32_BIT_CONVERSION = YES;
				GCC_WARN_ABOUT_RETURN_TYPE = YES_ERROR;
				GCC_WARN_UNDECLARED_SELECTOR = YES;
				GCC_WARN_UNINITIALIZED_AUTOS = YES_AGGRESSIVE;
				GCC_WARN_UNUSED_FUNCTION = YES;
				GCC_WARN_UNUSED_VARIABLE = YES;
				IPHONEOS_DEPLOYMENT_TARGET = 10.3;
				MTL_ENABLE_DEBUG_INFO = YES;
				ONLY_ACTIVE_ARCH = YES;
				SDKROOT = iphoneos;
			};
			name = Debug;
		};
		7FDC847F1F5C334400A1222D /* Release */ = {
			isa = XCBuildConfiguration;
			buildSettings = {
				ALWAYS_SEARCH_USER_PATHS = NO;
				CLANG_ANALYZER_NONNULL = YES;
				CLANG_ANALYZER_NUMBER_OBJECT_CONVERSION = YES_AGGRESSIVE;
				CLANG_CXX_LANGUAGE_STANDARD = "gnu++0x";
				CLANG_CXX_LIBRARY = "libc++";
				CLANG_ENABLE_MODULES = YES;
				CLANG_ENABLE_OBJC_ARC = YES;
				CLANG_WARN_BOOL_CONVERSION = YES;
				CLANG_WARN_CONSTANT_CONVERSION = YES;
				CLANG_WARN_DIRECT_OBJC_ISA_USAGE = YES_ERROR;
				CLANG_WARN_DOCUMENTATION_COMMENTS = YES;
				CLANG_WARN_EMPTY_BODY = YES;
				CLANG_WARN_ENUM_CONVERSION = YES;
				CLANG_WARN_INFINITE_RECURSION = YES;
				CLANG_WARN_INT_CONVERSION = YES;
				CLANG_WARN_OBJC_ROOT_CLASS = YES_ERROR;
				CLANG_WARN_SUSPICIOUS_MOVE = YES;
				CLANG_WARN_UNREACHABLE_CODE = YES;
				CLANG_WARN__DUPLICATE_METHOD_MATCH = YES;
				"CODE_SIGN_IDENTITY[sdk=iphoneos*]" = "iPhone Developer";
				COPY_PHASE_STRIP = NO;
				DEBUG_INFORMATION_FORMAT = "dwarf-with-dsym";
				ENABLE_NS_ASSERTIONS = NO;
				ENABLE_STRICT_OBJC_MSGSEND = YES;
				GCC_C_LANGUAGE_STANDARD = gnu99;
				GCC_NO_COMMON_BLOCKS = YES;
				GCC_WARN_64_TO_32_BIT_CONVERSION = YES;
				GCC_WARN_ABOUT_RETURN_TYPE = YES_ERROR;
				GCC_WARN_UNDECLARED_SELECTOR = YES;
				GCC_WARN_UNINITIALIZED_AUTOS = YES_AGGRESSIVE;
				GCC_WARN_UNUSED_FUNCTION = YES;
				GCC_WARN_UNUSED_VARIABLE = YES;
				IPHONEOS_DEPLOYMENT_TARGET = 10.3;
				MTL_ENABLE_DEBUG_INFO = NO;
				SDKROOT = iphoneos;
				VALIDATE_PRODUCT = YES;
			};
			name = Release;
		};
		7FDC84811F5C334400A1222D /* Debug */ = {
			isa = XCBuildConfiguration;
			buildSettings = {
				ASSETCATALOG_COMPILER_APPICON_NAME = AppIcon;
				INFOPLIST_FILE = BBShapedButton1/Info.plist;
				LD_RUNPATH_SEARCH_PATHS = "$(inherited) @executable_path/Frameworks";
				PRODUCT_BUNDLE_IDENTIFIER = Weijiabing.BBShapedButton1;
				PRODUCT_NAME = "$(TARGET_NAME)";
			};
			name = Debug;
		};
		7FDC84821F5C334400A1222D /* Release */ = {
			isa = XCBuildConfiguration;
			buildSettings = {
				ASSETCATALOG_COMPILER_APPICON_NAME = AppIcon;
				INFOPLIST_FILE = BBShapedButton1/Info.plist;
				LD_RUNPATH_SEARCH_PATHS = "$(inherited) @executable_path/Frameworks";
				PRODUCT_BUNDLE_IDENTIFIER = Weijiabing.BBShapedButton1;
				PRODUCT_NAME = "$(TARGET_NAME)";
			};
			name = Release;
		};
/* End XCBuildConfiguration section */

/* Begin XCConfigurationList section */
		7FDC84611F5C334400A1222D /* Build configuration list for PBXProject "BBShapedButton1" */ = {
			isa = XCConfigurationList;
			buildConfigurations = (
				7FDC847E1F5C334400A1222D /* Debug */,
				7FDC847F1F5C334400A1222D /* Release */,
			);
			defaultConfigurationIsVisible = 0;
			defaultConfigurationName = Release;
		};
		7FDC84801F5C334400A1222D /* Build configuration list for PBXNativeTarget "BBShapedButton1" */ = {
			isa = XCConfigurationList;
			buildConfigurations = (
				7FDC84811F5C334400A1222D /* Debug */,
				7FDC84821F5C334400A1222D /* Release */,
			);
			defaultConfigurationIsVisible = 0;
			defaultConfigurationName = Release;
		};
/* End XCConfigurationList section */
	};
	rootObject = 7FDC845E1F5C334400A1222D /* Project object */;
}
